
Microsoft Visual Studio Solution File, Format Version 12.00
# Visual Studio Version 16
VisualStudioVersion = 16.0.30611.23
MinimumVisualStudioVersion = 10.0.40219.1
Project("{FAE04EC0-301F-11D3-BF4B-00C04F79EFBC}") = "NotePad", "NotePad\NotePad.csproj", "{12D9DA52-1C5A-4855-8A27-64B2FCA5539C}"
EndProject
Global
	GlobalSection(SolutionConfigurationPlatforms) = preSolution
		Debug|Any CPU = Debug|Any CPU
		Release|Any CPU = Release|Any CPU
	EndGlobalSection
	GlobalSection(ProjectConfigurationPlatforms) = postSolution
		{12D9DA52-1C5A-4855-8A27-64B2FCA5539C}.Debug|Any CPU.ActiveCfg = Debug|Any CPU
		{12D9DA52-1C5A-4855-8A27-64B2FCA5539C}.Debug|Any CPU.Build.0 = Debug|Any CPU
		{12D9DA52-1C5A-4855-8A27-64B2FCA5539C}.Release|Any CPU.ActiveCfg = Release|Any CPU
		{12D9DA52-1C5A-4855-8A27-64B2FCA5539C}.Release|Any CPU.Build.0 = Release|Any CPU
	EndGlobalSection
	GlobalSection(SolutionProperties) = preSolution
		HideSolutionNode = FALSE
	EndGlobalSection
	GlobalSection(ExtensibilityGlobals) = postSolution
		SolutionGuid = {955BBC77-64DA-4FEA-A00D-547D790AED27}
	EndGlobalSection
EndGlobal
