
Microsoft Visual Studio Solution File, Format Version 12.00
# Visual Studio Version 16
VisualStudioVersion = 16.0.29709.97
MinimumVisualStudioVersion = 10.0.40219.1
Project("{FAE04EC0-301F-11D3-BF4B-00C04F79EFBC}") = "mr.muscle", "mr.muscle\mr.muscle.csproj", "{641331EF-2968-4F98-A586-A405AEDE7B82}"
EndProject
Global
	GlobalSection(SolutionConfigurationPlatforms) = preSolution
		Debug|Any CPU = Debug|Any CPU
		Release|Any CPU = Release|Any CPU
	EndGlobalSection
	GlobalSection(ProjectConfigurationPlatforms) = postSolution
		{641331EF-2968-4F98-A586-A405AEDE7B82}.Debug|Any CPU.ActiveCfg = Debug|Any CPU
		{641331EF-2968-4F98-A586-A405AEDE7B82}.Debug|Any CPU.Build.0 = Debug|Any CPU
		{641331EF-2968-4F98-A586-A405AEDE7B82}.Release|Any CPU.ActiveCfg = Release|Any CPU
		{641331EF-2968-4F98-A586-A405AEDE7B82}.Release|Any CPU.Build.0 = Release|Any CPU
	EndGlobalSection
	GlobalSection(SolutionProperties) = preSolution
		HideSolutionNode = FALSE
	EndGlobalSection
	GlobalSection(ExtensibilityGlobals) = postSolution
		SolutionGuid = {466DDCC5-4279-4F86-8F1F-E9B15A97A053}
	EndGlobalSection
EndGlobal
